// !$*UTF8*$!
{
	archiveVersion = 1;
	classes = {
	};
	objectVersion = 46;
	objects = {

/* Begin PBXBuildFile section */
		C22342681A64DC1100645C32 /* main.m in Sources */ = {isa = PBXBuildFile; fileRef = C22342671A64DC1100645C32 /* main.m */; };
		C223426B1A64DC1100645C32 /* AppDelegate.m in Sources */ = {isa = PBXBuildFile; fileRef = C223426A1A64DC1100645C32 /* AppDelegate.m */; };
		C223426E1A64DC1100645C32 /* TrackingViewController.m in Sources */ = {isa = PBXBuildFile; fileRef = C223426D1A64DC1100645C32 /* TrackingViewController.m */; };
		C22342711A64DC1100645C32 /* Main.storyboard in Resources */ = {isa = PBXBuildFile; fileRef = C223426F1A64DC1100645C32 /* Main.storyboard */; };
		C22342731A64DC1100645C32 /* Images.xcassets in Resources */ = {isa = PBXBuildFile; fileRef = C22342721A64DC1100645C32 /* Images.xcassets */; };
		C22342761A64DC1100645C32 /* LaunchScreen.xib in Resources */ = {isa = PBXBuildFile; fileRef = C22342741A64DC1100645C32 /* LaunchScreen.xib */; };
		C22342821A64DC1100645C32 /* AppSecurityCarTests.m in Sources */ = {isa = PBXBuildFile; fileRef = C22342811A64DC1100645C32 /* AppSecurityCarTests.m */; };
		C223428F1A64E04500645C32 /* ReportHelpViewController.m in Sources */ = {isa = PBXBuildFile; fileRef = C223428E1A64E04500645C32 /* ReportHelpViewController.m */; };
		C22342911A64E5A000645C32 /* logo.png in Resources */ = {isa = PBXBuildFile; fileRef = C22342901A64E5A000645C32 /* logo.png */; };
		C2446C201A902E4900145A11 /* SettingViewController.m in Sources */ = {isa = PBXBuildFile; fileRef = C2446C1F1A902E4900145A11 /* SettingViewController.m */; };
		C2446C221A9041C300145A11 /* MapKit.framework in Frameworks */ = {isa = PBXBuildFile; fileRef = C2446C211A9041C300145A11 /* MapKit.framework */; };
		C2446C241A9041CE00145A11 /* CoreGraphics.framework in Frameworks */ = {isa = PBXBuildFile; fileRef = C2446C231A9041CE00145A11 /* CoreGraphics.framework */; };
		C2446C261A9041E000145A11 /* UIKit.framework in Frameworks */ = {isa = PBXBuildFile; fileRef = C2446C251A9041E000145A11 /* UIKit.framework */; };
		C2446C281A9041EE00145A11 /* Foundation.framework in Frameworks */ = {isa = PBXBuildFile; fileRef = C2446C271A9041EE00145A11 /* Foundation.framework */; };
		C2ABBC1D1A75DABA00232E18 /* call_communication_off.png in Resources */ = {isa = PBXBuildFile; fileRef = C2ABBC0D1A75DABA00232E18 /* call_communication_off.png */; };
		C2ABBC1E1A75DABA00232E18 /* call_communication_on.png in Resources */ = {isa = PBXBuildFile; fileRef = C2ABBC0E1A75DABA00232E18 /* call_communication_on.png */; };
		C2ABBC1F1A75DABA00232E18 /* comment_message_off.png in Resources */ = {isa = PBXBuildFile; fileRef = C2ABBC0F1A75DABA00232E18 /* comment_message_off.png */; };
		C2ABBC201A75DABA00232E18 /* comment_message_on.png in Resources */ = {isa = PBXBuildFile; fileRef = C2ABBC101A75DABA00232E18 /* comment_message_on.png */; };
		C2ABBC211A75DABA00232E18 /* editor_write_off.png in Resources */ = {isa = PBXBuildFile; fileRef = C2ABBC111A75DABA00232E18 /* editor_write_off.png */; };
		C2ABBC221A75DABA00232E18 /* editor_write_on.png in Resources */ = {isa = PBXBuildFile; fileRef = C2ABBC121A75DABA00232E18 /* editor_write_on.png */; };
		C2ABBC231A75DABA00232E18 /* file_sheet_off.png in Resources */ = {isa = PBXBuildFile; fileRef = C2ABBC131A75DABA00232E18 /* file_sheet_off.png */; };
		C2ABBC241A75DABA00232E18 /* file_sheet_on.png in Resources */ = {isa = PBXBuildFile; fileRef = C2ABBC141A75DABA00232E18 /* file_sheet_on.png */; };
		C2ABBC251A75DABA00232E18 /* gps_location_off.png in Resources */ = {isa = PBXBuildFile; fileRef = C2ABBC151A75DABA00232E18 /* gps_location_off.png */; };
		C2ABBC261A75DABA00232E18 /* gps_location_on.png in Resources */ = {isa = PBXBuildFile; fileRef = C2ABBC161A75DABA00232E18 /* gps_location_on.png */; };
		C2ABBC271A75DABA00232E18 /* home_off.png in Resources */ = {isa = PBXBuildFile; fileRef = C2ABBC171A75DABA00232E18 /* home_off.png */; };
		C2ABBC281A75DABA00232E18 /* home_on.png in Resources */ = {isa = PBXBuildFile; fileRef = C2ABBC181A75DABA00232E18 /* home_on.png */; };
		C2ABBC291A75DABA00232E18 /* letter_mail_off.png in Resources */ = {isa = PBXBuildFile; fileRef = C2ABBC191A75DABA00232E18 /* letter_mail_off.png */; };
		C2ABBC2A1A75DABA00232E18 /* letter_mail_on.png in Resources */ = {isa = PBXBuildFile; fileRef = C2ABBC1A1A75DABA00232E18 /* letter_mail_on.png */; };
		C2ABBC2B1A75DABA00232E18 /* settings_gear_off.png in Resources */ = {isa = PBXBuildFile; fileRef = C2ABBC1B1A75DABA00232E18 /* settings_gear_off.png */; };
		C2ABBC2C1A75DABA00232E18 /* settings_gear_on.png in Resources */ = {isa = PBXBuildFile; fileRef = C2ABBC1C1A75DABA00232E18 /* settings_gear_on.png */; };
		C2ABBC2E1A75DE5700232E18 /* Default-568h@2x_testing.png in Resources */ = {isa = PBXBuildFile; fileRef = C2ABBC2D1A75DE5700232E18 /* Default-568h@2x_testing.png */; };
		C2B4EDA71A81D6A100065756 /* Default-568h@2x.png in Resources */ = {isa = PBXBuildFile; fileRef = C2B4EDA61A81D6A100065756 /* Default-568h@2x.png */; };
		C2B4EDAA1A81D78D00065756 /* SplashViewController.m in Sources */ = {isa = PBXBuildFile; fileRef = C2B4EDA91A81D78D00065756 /* SplashViewController.m */; };
		C2BD4E8E1A661C08006CFB2B /* pass.png in Resources */ = {isa = PBXBuildFile; fileRef = C2BD4E8C1A661C08006CFB2B /* pass.png */; };
		C2BD4E8F1A661C08006CFB2B /* user.png in Resources */ = {isa = PBXBuildFile; fileRef = C2BD4E8D1A661C08006CFB2B /* user.png */; };
		C2BE1C791A6CBE2D005C362E /* ReportListTableViewController.m in Sources */ = {isa = PBXBuildFile; fileRef = C2BE1C781A6CBE2D005C362E /* ReportListTableViewController.m */; };
		C2CAC1911A8DB804004FF7C3 /* reglamento.html in Resources */ = {isa = PBXBuildFile; fileRef = C2CAC1901A8DB804004FF7C3 /* reglamento.html */; };
/* End PBXBuildFile section */

/* Begin PBXContainerItemProxy section */
		C223427C1A64DC1100645C32 /* PBXContainerItemProxy */ = {
			isa = PBXContainerItemProxy;
			containerPortal = C223425A1A64DC1100645C32 /* Project object */;
			proxyType = 1;
			remoteGlobalIDString = C22342611A64DC1100645C32;
			remoteInfo = AppSecurityCar;
		};
/* End PBXContainerItemProxy section */

/* Begin PBXFileReference section */
		C22342621A64DC1100645C32 /* AppSecurityCar.app */ = {isa = PBXFileReference; explicitFileType = wrapper.application; includeInIndex = 0; path = AppSecurityCar.app; sourceTree = BUILT_PRODUCTS_DIR; };
		C22342661A64DC1100645C32 /* Info.plist */ = {isa = PBXFileReference; lastKnownFileType = text.plist.xml; path = Info.plist; sourceTree = "<group>"; };
		C22342671A64DC1100645C32 /* main.m */ = {isa = PBXFileReference; lastKnownFileType = sourcecode.c.objc; path = main.m; sourceTree = "<group>"; };
		C22342691A64DC1100645C32 /* AppDelegate.h */ = {isa = PBXFileReference; lastKnownFileType = sourcecode.c.h; path = AppDelegate.h; sourceTree = "<group>"; };
		C223426A1A64DC1100645C32 /* AppDelegate.m */ = {isa = PBXFileReference; lastKnownFileType = sourcecode.c.objc; path = AppDelegate.m; sourceTree = "<group>"; };
		C223426C1A64DC1100645C32 /* TrackingViewController.h */ = {isa = PBXFileReference; lastKnownFileType = sourcecode.c.h; path = TrackingViewController.h; sourceTree = "<group>"; };
		C223426D1A64DC1100645C32 /* TrackingViewController.m */ = {isa = PBXFileReference; lastKnownFileType = sourcecode.c.objc; path = TrackingViewController.m; sourceTree = "<group>"; };
		C22342701A64DC1100645C32 /* Base */ = {isa = PBXFileReference; lastKnownFileType = file.storyboard; name = Base; path = Base.lproj/Main.storyboard; sourceTree = "<group>"; };
		C22342721A64DC1100645C32 /* Images.xcassets */ = {isa = PBXFileReference; lastKnownFileType = folder.assetcatalog; path = Images.xcassets; sourceTree = "<group>"; };
		C22342751A64DC1100645C32 /* Base */ = {isa = PBXFileReference; lastKnownFileType = file.xib; name = Base; path = Base.lproj/LaunchScreen.xib; sourceTree = "<group>"; };
		C223427B1A64DC1100645C32 /* AppSecurityCarTests.xctest */ = {isa = PBXFileReference; explicitFileType = wrapper.cfbundle; includeInIndex = 0; path = AppSecurityCarTests.xctest; sourceTree = BUILT_PRODUCTS_DIR; };
		C22342801A64DC1100645C32 /* Info.plist */ = {isa = PBXFileReference; lastKnownFileType = text.plist.xml; path = Info.plist; sourceTree = "<group>"; };
		C22342811A64DC1100645C32 /* AppSecurityCarTests.m */ = {isa = PBXFileReference; lastKnownFileType = sourcecode.c.objc; path = AppSecurityCarTests.m; sourceTree = "<group>"; };
		C223428D1A64E04500645C32 /* ReportHelpViewController.h */ = {isa = PBXFileReference; fileEncoding = 4; lastKnownFileType = sourcecode.c.h; path = ReportHelpViewController.h; sourceTree = "<group>"; };
		C223428E1A64E04500645C32 /* ReportHelpViewController.m */ = {isa = PBXFileReference; fileEncoding = 4; lastKnownFileType = sourcecode.c.objc; path = ReportHelpViewController.m; sourceTree = "<group>"; };
		C22342901A64E5A000645C32 /* logo.png */ = {isa = PBXFileReference; lastKnownFileType = image.png; path = logo.png; sourceTree = "<group>"; };
		C2446C1E1A902E4900145A11 /* SettingViewController.h */ = {isa = PBXFileReference; fileEncoding = 4; lastKnownFileType = sourcecode.c.h; path = SettingViewController.h; sourceTree = "<group>"; };
		C2446C1F1A902E4900145A11 /* SettingViewController.m */ = {isa = PBXFileReference; fileEncoding = 4; lastKnownFileType = sourcecode.c.objc; path = SettingViewController.m; sourceTree = "<group>"; };
		C2446C211A9041C300145A11 /* MapKit.framework */ = {isa = PBXFileReference; lastKnownFileType = wrapper.framework; name = MapKit.framework; path = System/Library/Frameworks/MapKit.framework; sourceTree = SDKROOT; };
		C2446C231A9041CE00145A11 /* CoreGraphics.framework */ = {isa = PBXFileReference; lastKnownFileType = wrapper.framework; name = CoreGraphics.framework; path = System/Library/Frameworks/CoreGraphics.framework; sourceTree = SDKROOT; };
		C2446C251A9041E000145A11 /* UIKit.framework */ = {isa = PBXFileReference; lastKnownFileType = wrapper.framework; name = UIKit.framework; path = System/Library/Frameworks/UIKit.framework; sourceTree = SDKROOT; };
		C2446C271A9041EE00145A11 /* Foundation.framework */ = {isa = PBXFileReference; lastKnownFileType = wrapper.framework; name = Foundation.framework; path = System/Library/Frameworks/Foundation.framework; sourceTree = SDKROOT; };
		C2ABBC0D1A75DABA00232E18 /* call_communication_off.png */ = {isa = PBXFileReference; lastKnownFileType = image.png; path = call_communication_off.png; sourceTree = "<group>"; };
		C2ABBC0E1A75DABA00232E18 /* call_communication_on.png */ = {isa = PBXFileReference; lastKnownFileType = image.png; path = call_communication_on.png; sourceTree = "<group>"; };
		C2ABBC0F1A75DABA00232E18 /* comment_message_off.png */ = {isa = PBXFileReference; lastKnownFileType = image.png; path = comment_message_off.png; sourceTree = "<group>"; };
		C2ABBC101A75DABA00232E18 /* comment_message_on.png */ = {isa = PBXFileReference; lastKnownFileType = image.png; path = comment_message_on.png; sourceTree = "<group>"; };
		C2ABBC111A75DABA00232E18 /* editor_write_off.png */ = {isa = PBXFileReference; lastKnownFileType = image.png; path = editor_write_off.png; sourceTree = "<group>"; };
		C2ABBC121A75DABA00232E18 /* editor_write_on.png */ = {isa = PBXFileReference; lastKnownFileType = image.png; path = editor_write_on.png; sourceTree = "<group>"; };
		C2ABBC131A75DABA00232E18 /* file_sheet_off.png */ = {isa = PBXFileReference; lastKnownFileType = image.png; path = file_sheet_off.png; sourceTree = "<group>"; };
		C2ABBC141A75DABA00232E18 /* file_sheet_on.png */ = {isa = PBXFileReference; lastKnownFileType = image.png; path = file_sheet_on.png; sourceTree = "<group>"; };
		C2ABBC151A75DABA00232E18 /* gps_location_off.png */ = {isa = PBXFileReference; lastKnownFileType = image.png; path = gps_location_off.png; sourceTree = "<group>"; };
		C2ABBC161A75DABA00232E18 /* gps_location_on.png */ = {isa = PBXFileReference; lastKnownFileType = image.png; path = gps_location_on.png; sourceTree = "<group>"; };
		C2ABBC171A75DABA00232E18 /* home_off.png */ = {isa = PBXFileReference; lastKnownFileType = image.png; path = home_off.png; sourceTree = "<group>"; };
		C2ABBC181A75DABA00232E18 /* home_on.png */ = {isa = PBXFileReference; lastKnownFileType = image.png; path = home_on.png; sourceTree = "<group>"; };
		C2ABBC191A75DABA00232E18 /* letter_mail_off.png */ = {isa = PBXFileReference; lastKnownFileType = image.png; path = letter_mail_off.png; sourceTree = "<group>"; };
		C2ABBC1A1A75DABA00232E18 /* letter_mail_on.png */ = {isa = PBXFileReference; lastKnownFileType = image.png; path = letter_mail_on.png; sourceTree = "<group>"; };
		C2ABBC1B1A75DABA00232E18 /* settings_gear_off.png */ = {isa = PBXFileReference; lastKnownFileType = image.png; path = settings_gear_off.png; sourceTree = "<group>"; };
		C2ABBC1C1A75DABA00232E18 /* settings_gear_on.png */ = {isa = PBXFileReference; lastKnownFileType = image.png; path = settings_gear_on.png; sourceTree = "<group>"; };
		C2ABBC2D1A75DE5700232E18 /* Default-568h@2x_testing.png */ = {isa = PBXFileReference; lastKnownFileType = image.png; path = "Default-568h@2x_testing.png"; sourceTree = "<group>"; };
		C2B4EDA61A81D6A100065756 /* Default-568h@2x.png */ = {isa = PBXFileReference; lastKnownFileType = image.png; path = "Default-568h@2x.png"; sourceTree = "<group>"; };
		C2B4EDA81A81D78D00065756 /* SplashViewController.h */ = {isa = PBXFileReference; fileEncoding = 4; lastKnownFileType = sourcecode.c.h; path = SplashViewController.h; sourceTree = "<group>"; };
		C2B4EDA91A81D78D00065756 /* SplashViewController.m */ = {isa = PBXFileReference; fileEncoding = 4; lastKnownFileType = sourcecode.c.objc; path = SplashViewController.m; sourceTree = "<group>"; };
		C2BD4E8C1A661C08006CFB2B /* pass.png */ = {isa = PBXFileReference; lastKnownFileType = image.png; path = pass.png; sourceTree = "<group>"; };
		C2BD4E8D1A661C08006CFB2B /* user.png */ = {isa = PBXFileReference; lastKnownFileType = image.png; path = user.png; sourceTree = "<group>"; };
		C2BE1C771A6CBE2D005C362E /* ReportListTableViewController.h */ = {isa = PBXFileReference; fileEncoding = 4; lastKnownFileType = sourcecode.c.h; path = ReportListTableViewController.h; sourceTree = "<group>"; };
		C2BE1C781A6CBE2D005C362E /* ReportListTableViewController.m */ = {isa = PBXFileReference; fileEncoding = 4; lastKnownFileType = sourcecode.c.objc; path = ReportListTableViewController.m; sourceTree = "<group>"; };
		C2CAC1901A8DB804004FF7C3 /* reglamento.html */ = {isa = PBXFileReference; fileEncoding = 4; lastKnownFileType = text.html; path = reglamento.html; sourceTree = "<group>"; };
/* End PBXFileReference section */

/* Begin PBXFrameworksBuildPhase section */
		C223425F1A64DC1100645C32 /* Frameworks */ = {
			isa = PBXFrameworksBuildPhase;
			buildActionMask = 2147483647;
			files = (
				C2446C281A9041EE00145A11 /* Foundation.framework in Frameworks */,
				C2446C261A9041E000145A11 /* UIKit.framework in Frameworks */,
				C2446C241A9041CE00145A11 /* CoreGraphics.framework in Frameworks */,
				C2446C221A9041C300145A11 /* MapKit.framework in Frameworks */,
			);
			runOnlyForDeploymentPostprocessing = 0;
		};
		C22342781A64DC1100645C32 /* Frameworks */ = {
			isa = PBXFrameworksBuildPhase;
			buildActionMask = 2147483647;
			files = (
			);
			runOnlyForDeploymentPostprocessing = 0;
		};
/* End PBXFrameworksBuildPhase section */

/* Begin PBXGroup section */
		C22342591A64DC1100645C32 = {
			isa = PBXGroup;
			children = (
				C2ABBC2D1A75DE5700232E18 /* Default-568h@2x_testing.png */,
				C2B4EDA61A81D6A100065756 /* Default-568h@2x.png */,
				C2BD4E871A66192B006CFB2B /* images */,
				C22342641A64DC1100645C32 /* AppSecurityCar */,
				C223427E1A64DC1100645C32 /* AppSecurityCarTests */,
				C22342631A64DC1100645C32 /* Products */,
				C2446C291A906C8700145A11 /* Frameworks */,
			);
			sourceTree = "<group>";
		};
		C22342631A64DC1100645C32 /* Products */ = {
			isa = PBXGroup;
			children = (
				C22342621A64DC1100645C32 /* AppSecurityCar.app */,
				C223427B1A64DC1100645C32 /* AppSecurityCarTests.xctest */,
			);
			name = Products;
			sourceTree = "<group>";
		};
		C22342641A64DC1100645C32 /* AppSecurityCar */ = {
			isa = PBXGroup;
			children = (
				C2CAC1901A8DB804004FF7C3 /* reglamento.html */,
				C22342691A64DC1100645C32 /* AppDelegate.h */,
				C223426A1A64DC1100645C32 /* AppDelegate.m */,
				C2B4EDA81A81D78D00065756 /* SplashViewController.h */,
				C2B4EDA91A81D78D00065756 /* SplashViewController.m */,
				C223426F1A64DC1100645C32 /* Main.storyboard */,
				C2BE1C771A6CBE2D005C362E /* ReportListTableViewController.h */,
				C2BE1C781A6CBE2D005C362E /* ReportListTableViewController.m */,
				C223428D1A64E04500645C32 /* ReportHelpViewController.h */,
				C223428E1A64E04500645C32 /* ReportHelpViewController.m */,
				C223426C1A64DC1100645C32 /* TrackingViewController.h */,
				C223426D1A64DC1100645C32 /* TrackingViewController.m */,
				C2446C1E1A902E4900145A11 /* SettingViewController.h */,
				C2446C1F1A902E4900145A11 /* SettingViewController.m */,
				C22342721A64DC1100645C32 /* Images.xcassets */,
				C22342741A64DC1100645C32 /* LaunchScreen.xib */,
				C22342651A64DC1100645C32 /* Supporting Files */,
			);
			path = AppSecurityCar;
			sourceTree = "<group>";
		};
		C22342651A64DC1100645C32 /* Supporting Files */ = {
			isa = PBXGroup;
			children = (
				C22342661A64DC1100645C32 /* Info.plist */,
				C22342671A64DC1100645C32 /* main.m */,
			);
			name = "Supporting Files";
			sourceTree = "<group>";
		};
		C223427E1A64DC1100645C32 /* AppSecurityCarTests */ = {
			isa = PBXGroup;
			children = (
				C22342811A64DC1100645C32 /* AppSecurityCarTests.m */,
				C223427F1A64DC1100645C32 /* Supporting Files */,
			);
			path = AppSecurityCarTests;
			sourceTree = "<group>";
		};
		C223427F1A64DC1100645C32 /* Supporting Files */ = {
			isa = PBXGroup;
			children = (
				C22342801A64DC1100645C32 /* Info.plist */,
			);
			name = "Supporting Files";
			sourceTree = "<group>";
		};
		C2446C291A906C8700145A11 /* Frameworks */ = {
			isa = PBXGroup;
			children = (
				C2446C271A9041EE00145A11 /* Foundation.framework */,
				C2446C251A9041E000145A11 /* UIKit.framework */,
				C2446C231A9041CE00145A11 /* CoreGraphics.framework */,
				C2446C211A9041C300145A11 /* MapKit.framework */,
			);
			name = Frameworks;
			sourceTree = "<group>";
		};
		C2ABBC0C1A75DA8500232E18 /* assets_tab_bar */ = {
			isa = PBXGroup;
			children = (
				C2ABBC0D1A75DABA00232E18 /* call_communication_off.png */,
				C2ABBC0E1A75DABA00232E18 /* call_communication_on.png */,
				C2ABBC0F1A75DABA00232E18 /* comment_message_off.png */,
				C2ABBC101A75DABA00232E18 /* comment_message_on.png */,
				C2ABBC111A75DABA00232E18 /* editor_write_off.png */,
				C2ABBC121A75DABA00232E18 /* editor_write_on.png */,
				C2ABBC131A75DABA00232E18 /* file_sheet_off.png */,
				C2ABBC141A75DABA00232E18 /* file_sheet_on.png */,
				C2ABBC151A75DABA00232E18 /* gps_location_off.png */,
				C2ABBC161A75DABA00232E18 /* gps_location_on.png */,
				C2ABBC171A75DABA00232E18 /* home_off.png */,
				C2ABBC181A75DABA00232E18 /* home_on.png */,
				C2ABBC191A75DABA00232E18 /* letter_mail_off.png */,
				C2ABBC1A1A75DABA00232E18 /* letter_mail_on.png */,
				C2ABBC1B1A75DABA00232E18 /* settings_gear_off.png */,
				C2ABBC1C1A75DABA00232E18 /* settings_gear_on.png */,
			);
			name = assets_tab_bar;
			sourceTree = "<group>";
		};
		C2BD4E871A66192B006CFB2B /* images */ = {
			isa = PBXGroup;
			children = (
				C2ABBC0C1A75DA8500232E18 /* assets_tab_bar */,
				C22342901A64E5A000645C32 /* logo.png */,
				C2BD4E8D1A661C08006CFB2B /* user.png */,
				C2BD4E8C1A661C08006CFB2B /* pass.png */,
			);
			name = images;
			sourceTree = "<group>";
		};
/* End PBXGroup section */

/* Begin PBXNativeTarget section */
		C22342611A64DC1100645C32 /* AppSecurityCar */ = {
			isa = PBXNativeTarget;
			buildConfigurationList = C22342851A64DC1100645C32 /* Build configuration list for PBXNativeTarget "AppSecurityCar" */;
			buildPhases = (
				C223425E1A64DC1100645C32 /* Sources */,
				C223425F1A64DC1100645C32 /* Frameworks */,
				C22342601A64DC1100645C32 /* Resources */,
			);
			buildRules = (
			);
			dependencies = (
			);
			name = AppSecurityCar;
			productName = AppSecurityCar;
			productReference = C22342621A64DC1100645C32 /* AppSecurityCar.app */;
			productType = "com.apple.product-type.application";
		};
		C223427A1A64DC1100645C32 /* AppSecurityCarTests */ = {
			isa = PBXNativeTarget;
			buildConfigurationList = C22342881A64DC1100645C32 /* Build configuration list for PBXNativeTarget "AppSecurityCarTests" */;
			buildPhases = (
				C22342771A64DC1100645C32 /* Sources */,
				C22342781A64DC1100645C32 /* Frameworks */,
				C22342791A64DC1100645C32 /* Resources */,
			);
			buildRules = (
			);
			dependencies = (
				C223427D1A64DC1100645C32 /* PBXTargetDependency */,
			);
			name = AppSecurityCarTests;
			productName = AppSecurityCarTests;
			productReference = C223427B1A64DC1100645C32 /* AppSecurityCarTests.xctest */;
			productType = "com.apple.product-type.bundle.unit-test";
		};
/* End PBXNativeTarget section */

/* Begin PBXProject section */
		C223425A1A64DC1100645C32 /* Project object */ = {
			isa = PBXProject;
			attributes = {
				LastUpgradeCheck = 0610;
				ORGANIZATIONNAME = DroidFx;
				TargetAttributes = {
					C22342611A64DC1100645C32 = {
						CreatedOnToolsVersion = 6.1.1;
					};
					C223427A1A64DC1100645C32 = {
						CreatedOnToolsVersion = 6.1.1;
						TestTargetID = C22342611A64DC1100645C32;
					};
				};
			};
			buildConfigurationList = C223425D1A64DC1100645C32 /* Build configuration list for PBXProject "AppSecurityCar" */;
			compatibilityVersion = "Xcode 3.2";
			developmentRegion = English;
			hasScannedForEncodings = 0;
			knownRegions = (
				en,
				Base,
			);
			mainGroup = C22342591A64DC1100645C32;
			productRefGroup = C22342631A64DC1100645C32 /* Products */;
			projectDirPath = "";
			projectRoot = "";
			targets = (
				C22342611A64DC1100645C32 /* AppSecurityCar */,
				C223427A1A64DC1100645C32 /* AppSecurityCarTests */,
			);
		};
/* End PBXProject section */

/* Begin PBXResourcesBuildPhase section */
		C22342601A64DC1100645C32 /* Resources */ = {
			isa = PBXResourcesBuildPhase;
			buildActionMask = 2147483647;
			files = (
				C2ABBC2A1A75DABA00232E18 /* letter_mail_on.png in Resources */,
				C2ABBC281A75DABA00232E18 /* home_on.png in Resources */,
				C2ABBC221A75DABA00232E18 /* editor_write_on.png in Resources */,
				C2ABBC231A75DABA00232E18 /* file_sheet_off.png in Resources */,
				C2ABBC1D1A75DABA00232E18 /* call_communication_off.png in Resources */,
				C2ABBC251A75DABA00232E18 /* gps_location_off.png in Resources */,
				C2ABBC1F1A75DABA00232E18 /* comment_message_off.png in Resources */,
				C22342711A64DC1100645C32 /* Main.storyboard in Resources */,
				C2ABBC241A75DABA00232E18 /* file_sheet_on.png in Resources */,
				C2CAC1911A8DB804004FF7C3 /* reglamento.html in Resources */,
				C2ABBC201A75DABA00232E18 /* comment_message_on.png in Resources */,
				C22342911A64E5A000645C32 /* logo.png in Resources */,
				C2ABBC291A75DABA00232E18 /* letter_mail_off.png in Resources */,
				C2BD4E8E1A661C08006CFB2B /* pass.png in Resources */,
				C2ABBC2B1A75DABA00232E18 /* settings_gear_off.png in Resources */,
				C2BD4E8F1A661C08006CFB2B /* user.png in Resources */,
				C22342761A64DC1100645C32 /* LaunchScreen.xib in Resources */,
				C2ABBC2C1A75DABA00232E18 /* settings_gear_on.png in Resources */,
				C22342731A64DC1100645C32 /* Images.xcassets in Resources */,
				C2B4EDA71A81D6A100065756 /* Default-568h@2x.png in Resources */,
				C2ABBC271A75DABA00232E18 /* home_off.png in Resources */,
				C2ABBC211A75DABA00232E18 /* editor_write_off.png in Resources */,
				C2ABBC261A75DABA00232E18 /* gps_location_on.png in Resources */,
				C2ABBC2E1A75DE5700232E18 /* Default-568h@2x_testing.png in Resources */,
				C2ABBC1E1A75DABA00232E18 /* call_communication_on.png in Resources */,
			);
			runOnlyForDeploymentPostprocessing = 0;
		};
		C22342791A64DC1100645C32 /* Resources */ = {
			isa = PBXResourcesBuildPhase;
			buildActionMask = 2147483647;
			files = (
			);
			runOnlyForDeploymentPostprocessing = 0;
		};
/* End PBXResourcesBuildPhase section */

/* Begin PBXSourcesBuildPhase section */
		C223425E1A64DC1100645C32 /* Sources */ = {
			isa = PBXSourcesBuildPhase;
			buildActionMask = 2147483647;
			files = (
				C223428F1A64E04500645C32 /* ReportHelpViewController.m in Sources */,
				C223426E1A64DC1100645C32 /* TrackingViewController.m in Sources */,
				C2BE1C791A6CBE2D005C362E /* ReportListTableViewController.m in Sources */,
				C2446C201A902E4900145A11 /* SettingViewController.m in Sources */,
				C223426B1A64DC1100645C32 /* AppDelegate.m in Sources */,
				C22342681A64DC1100645C32 /* main.m in Sources */,
				C2B4EDAA1A81D78D00065756 /* SplashViewController.m in Sources */,
			);
			runOnlyForDeploymentPostprocessing = 0;
		};
		C22342771A64DC1100645C32 /* Sources */ = {
			isa = PBXSourcesBuildPhase;
			buildActionMask = 2147483647;
			files = (
				C22342821A64DC1100645C32 /* AppSecurityCarTests.m in Sources */,
			);
			runOnlyForDeploymentPostprocessing = 0;
		};
/* End PBXSourcesBuildPhase section */

/* Begin PBXTargetDependency section */
		C223427D1A64DC1100645C32 /* PBXTargetDependency */ = {
			isa = PBXTargetDependency;
			target = C22342611A64DC1100645C32 /* AppSecurityCar */;
			targetProxy = C223427C1A64DC1100645C32 /* PBXContainerItemProxy */;
		};
/* End PBXTargetDependency section */

/* Begin PBXVariantGroup section */
		C223426F1A64DC1100645C32 /* Main.storyboard */ = {
			isa = PBXVariantGroup;
			children = (
				C22342701A64DC1100645C32 /* Base */,
			);
			name = Main.storyboard;
			sourceTree = "<group>";
		};
		C22342741A64DC1100645C32 /* LaunchScreen.xib */ = {
			isa = PBXVariantGroup;
			children = (
				C22342751A64DC1100645C32 /* Base */,
			);
			name = LaunchScreen.xib;
			sourceTree = "<group>";
		};
/* End PBXVariantGroup section */

/* Begin XCBuildConfiguration section */
		C22342831A64DC1100645C32 /* Debug */ = {
			isa = XCBuildConfiguration;
			buildSettings = {
				ALWAYS_SEARCH_USER_PATHS = NO;
				CLANG_CXX_LANGUAGE_STANDARD = "gnu++0x";
				CLANG_CXX_LIBRARY = "libc++";
				CLANG_ENABLE_MODULES = YES;
				CLANG_ENABLE_OBJC_ARC = YES;
				CLANG_WARN_BOOL_CONVERSION = YES;
				CLANG_WARN_CONSTANT_CONVERSION = YES;
				CLANG_WARN_DIRECT_OBJC_ISA_USAGE = YES_ERROR;
				CLANG_WARN_EMPTY_BODY = YES;
				CLANG_WARN_ENUM_CONVERSION = YES;
				CLANG_WARN_INT_CONVERSION = YES;
				CLANG_WARN_OBJC_ROOT_CLASS = YES_ERROR;
				CLANG_WARN_UNREACHABLE_CODE = YES;
				CLANG_WARN__DUPLICATE_METHOD_MATCH = YES;
				"CODE_SIGN_IDENTITY[sdk=iphoneos*]" = "iPhone Developer";
				COPY_PHASE_STRIP = NO;
				ENABLE_STRICT_OBJC_MSGSEND = YES;
				GCC_C_LANGUAGE_STANDARD = gnu99;
				GCC_DYNAMIC_NO_PIC = NO;
				GCC_OPTIMIZATION_LEVEL = 0;
				GCC_PREPROCESSOR_DEFINITIONS = (
					"DEBUG=1",
					"$(inherited)",
				);
				GCC_SYMBOLS_PRIVATE_EXTERN = NO;
				GCC_WARN_64_TO_32_BIT_CONVERSION = YES;
				GCC_WARN_ABOUT_RETURN_TYPE = YES_ERROR;
				GCC_WARN_UNDECLARED_SELECTOR = YES;
				GCC_WARN_UNINITIALIZED_AUTOS = YES_AGGRESSIVE;
				GCC_WARN_UNUSED_FUNCTION = YES;
				GCC_WARN_UNUSED_VARIABLE = YES;
				IPHONEOS_DEPLOYMENT_TARGET = 8.1;
				MTL_ENABLE_DEBUG_INFO = YES;
				ONLY_ACTIVE_ARCH = YES;
				SDKROOT = iphoneos;
			};
			name = Debug;
		};
		C22342841A64DC1100645C32 /* Release */ = {
			isa = XCBuildConfiguration;
			buildSettings = {
				ALWAYS_SEARCH_USER_PATHS = NO;
				CLANG_CXX_LANGUAGE_STANDARD = "gnu++0x";
				CLANG_CXX_LIBRARY = "libc++";
				CLANG_ENABLE_MODULES = YES;
				CLANG_ENABLE_OBJC_ARC = YES;
				CLANG_WARN_BOOL_CONVERSION = YES;
				CLANG_WARN_CONSTANT_CONVERSION = YES;
				CLANG_WARN_DIRECT_OBJC_ISA_USAGE = YES_ERROR;
				CLANG_WARN_EMPTY_BODY = YES;
				CLANG_WARN_ENUM_CONVERSION = YES;
				CLANG_WARN_INT_CONVERSION = YES;
				CLANG_WARN_OBJC_ROOT_CLASS = YES_ERROR;
				CLANG_WARN_UNREACHABLE_CODE = YES;
				CLANG_WARN__DUPLICATE_METHOD_MATCH = YES;
				"CODE_SIGN_IDENTITY[sdk=iphoneos*]" = "iPhone Developer";
				COPY_PHASE_STRIP = YES;
				ENABLE_NS_ASSERTIONS = NO;
				ENABLE_STRICT_OBJC_MSGSEND = YES;
				GCC_C_LANGUAGE_STANDARD = gnu99;
				GCC_WARN_64_TO_32_BIT_CONVERSION = YES;
				GCC_WARN_ABOUT_RETURN_TYPE = YES_ERROR;
				GCC_WARN_UNDECLARED_SELECTOR = YES;
				GCC_WARN_UNINITIALIZED_AUTOS = YES_AGGRESSIVE;
				GCC_WARN_UNUSED_FUNCTION = YES;
				GCC_WARN_UNUSED_VARIABLE = YES;
				IPHONEOS_DEPLOYMENT_TARGET = 8.1;
				MTL_ENABLE_DEBUG_INFO = NO;
				SDKROOT = iphoneos;
				VALIDATE_PRODUCT = YES;
			};
			name = Release;
		};
		C22342861A64DC1100645C32 /* Debug */ = {
			isa = XCBuildConfiguration;
			buildSettings = {
				ASSETCATALOG_COMPILER_APPICON_NAME = AppIcon;
				INFOPLIST_FILE = AppSecurityCar/Info.plist;
				IPHONEOS_DEPLOYMENT_TARGET = 8.1;
				LD_RUNPATH_SEARCH_PATHS = "$(inherited) @executable_path/Frameworks";
				PRODUCT_NAME = "$(TARGET_NAME)";
			};
			name = Debug;
		};
		C22342871A64DC1100645C32 /* Release */ = {
			isa = XCBuildConfiguration;
			buildSettings = {
				ASSETCATALOG_COMPILER_APPICON_NAME = AppIcon;
				INFOPLIST_FILE = AppSecurityCar/Info.plist;
				IPHONEOS_DEPLOYMENT_TARGET = 8.1;
				LD_RUNPATH_SEARCH_PATHS = "$(inherited) @executable_path/Frameworks";
				PRODUCT_NAME = "$(TARGET_NAME)";
			};
			name = Release;
		};
		C22342891A64DC1100645C32 /* Debug */ = {
			isa = XCBuildConfiguration;
			buildSettings = {
				BUNDLE_LOADER = "$(TEST_HOST)";
				FRAMEWORK_SEARCH_PATHS = (
					"$(SDKROOT)/Developer/Library/Frameworks",
					"$(inherited)",
				);
				GCC_PREPROCESSOR_DEFINITIONS = (
					"DEBUG=1",
					"$(inherited)",
				);
				INFOPLIST_FILE = AppSecurityCarTests/Info.plist;
				LD_RUNPATH_SEARCH_PATHS = "$(inherited) @executable_path/Frameworks @loader_path/Frameworks";
				PRODUCT_NAME = "$(TARGET_NAME)";
				TEST_HOST = "$(BUILT_PRODUCTS_DIR)/AppSecurityCar.app/AppSecurityCar";
			};
			name = Debug;
		};
		C223428A1A64DC1100645C32 /* Release */ = {
			isa = XCBuildConfiguration;
			buildSettings = {
				BUNDLE_LOADER = "$(TEST_HOST)";
				FRAMEWORK_SEARCH_PATHS = (
					"$(SDKROOT)/Developer/Library/Frameworks",
					"$(inherited)",
				);
				INFOPLIST_FILE = AppSecurityCarTests/Info.plist;
				LD_RUNPATH_SEARCH_PATHS = "$(inherited) @executable_path/Frameworks @loader_path/Frameworks";
				PRODUCT_NAME = "$(TARGET_NAME)";
				TEST_HOST = "$(BUILT_PRODUCTS_DIR)/AppSecurityCar.app/AppSecurityCar";
			};
			name = Release;
		};
/* End XCBuildConfiguration section */

/* Begin XCConfigurationList section */
		C223425D1A64DC1100645C32 /* Build configuration list for PBXProject "AppSecurityCar" */ = {
			isa = XCConfigurationList;
			buildConfigurations = (
				C22342831A64DC1100645C32 /* Debug */,
				C22342841A64DC1100645C32 /* Release */,
			);
			defaultConfigurationIsVisible = 0;
			defaultConfigurationName = Release;
		};
		C22342851A64DC1100645C32 /* Build configuration list for PBXNativeTarget "AppSecurityCar" */ = {
			isa = XCConfigurationList;
			buildConfigurations = (
				C22342861A64DC1100645C32 /* Debug */,
				C22342871A64DC1100645C32 /* Release */,
			);
			defaultConfigurationIsVisible = 0;
			defaultConfigurationName = Release;
		};
		C22342881A64DC1100645C32 /* Build configuration list for PBXNativeTarget "AppSecurityCarTests" */ = {
			isa = XCConfigurationList;
			buildConfigurations = (
				C22342891A64DC1100645C32 /* Debug */,
				C223428A1A64DC1100645C32 /* Release */,
			);
			defaultConfigurationIsVisible = 0;
			defaultConfigurationName = Release;
		};
/* End XCConfigurationList section */
	};
	rootObject = C223425A1A64DC1100645C32 /* Project object */;
}
